// !$*UTF8*$!
{
	archiveVersion = 1;
	classes = {
	};
	objectVersion = 46;
	objects = {

/* Begin PBXBuildFile section */
		F401F8611C26B3D4002AB074 /* AppDelegate.swift in Sources */ = {isa = PBXBuildFile; fileRef = F401F8601C26B3D4002AB074 /* AppDelegate.swift */; };
		F401F8631C26B3D4002AB074 /* ViewController.swift in Sources */ = {isa = PBXBuildFile; fileRef = F401F8621C26B3D4002AB074 /* ViewController.swift */; };
		F401F8661C26B3D4002AB074 /* Main.storyboard in Resources */ = {isa = PBXBuildFile; fileRef = F401F8641C26B3D4002AB074 /* Main.storyboard */; };
		F401F8681C26B3D4002AB074 /* Assets.xcassets in Resources */ = {isa = PBXBuildFile; fileRef = F401F8671C26B3D4002AB074 /* Assets.xcassets */; };
		F401F86B1C26B3D4002AB074 /* LaunchScreen.storyboard in Resources */ = {isa = PBXBuildFile; fileRef = F401F8691C26B3D4002AB074 /* LaunchScreen.storyboard */; };
/* End PBXBuildFile section */

/* Begin PBXFileReference section */
		F401F85D1C26B3D4002AB074 /* uiComponentsDevelop.app */ = {isa = PBXFileReference; explicitFileType = wrapper.application; includeInIndex = 0; path = uiComponentsDevelop.app; sourceTree = BUILT_PRODUCTS_DIR; };
		F401F8601C26B3D4002AB074 /* AppDelegate.swift */ = {isa = PBXFileReference; lastKnownFileType = sourcecode.swift; path = AppDelegate.swift; sourceTree = "<group>"; };
		F401F8621C26B3D4002AB074 /* ViewController.swift */ = {isa = PBXFileReference; lastKnownFileType = sourcecode.swift; path = ViewController.swift; sourceTree = "<group>"; };
		F401F8651C26B3D4002AB074 /* Base */ = {isa = PBXFileReference; lastKnownFileType = file.storyboard; name = Base; path = Base.lproj/Main.storyboard; sourceTree = "<group>"; };
		F401F8671C26B3D4002AB074 /* Assets.xcassets */ = {isa = PBXFileReference; lastKnownFileType = folder.assetcatalog; path = Assets.xcassets; sourceTree = "<group>"; };
		F401F86A1C26B3D4002AB074 /* Base */ = {isa = PBXFileReference; lastKnownFileType = file.storyboard; name = Base; path = Base.lproj/LaunchScreen.storyboard; sourceTree = "<group>"; };
		F401F86C1C26B3D4002AB074 /* Info.plist */ = {isa = PBXFileReference; lastKnownFileType = text.plist.xml; path = Info.plist; sourceTree = "<group>"; };
/* End PBXFileReference section */

/* Begin PBXFrameworksBuildPhase section */
		F401F85A1C26B3D4002AB074 /* Frameworks */ = {
			isa = PBXFrameworksBuildPhase;
			buildActionMask = 2147483647;
			files = (
			);
			runOnlyForDeploymentPostprocessing = 0;
		};
/* End PBXFrameworksBuildPhase section */

/* Begin PBXGroup section */
		F401F8541C26B3D4002AB074 = {
			isa = PBXGroup;
			children = (
				F401F85F1C26B3D4002AB074 /* uiComponentsDevelop */,
				F401F85E1C26B3D4002AB074 /* Products */,
			);
			sourceTree = "<group>";
		};
		F401F85E1C26B3D4002AB074 /* Products */ = {
			isa = PBXGroup;
			children = (
				F401F85D1C26B3D4002AB074 /* uiComponentsDevelop.app */,
			);
			name = Products;
			sourceTree = "<group>";
		};
		F401F85F1C26B3D4002AB074 /* uiComponentsDevelop */ = {
			isa = PBXGroup;
			children = (
				F401F8601C26B3D4002AB074 /* AppDelegate.swift */,
				F401F8621C26B3D4002AB074 /* ViewController.swift */,
				F401F8641C26B3D4002AB074 /* Main.storyboard */,
				F401F8671C26B3D4002AB074 /* Assets.xcassets */,
				F401F8691C26B3D4002AB074 /* LaunchScreen.storyboard */,
				F401F86C1C26B3D4002AB074 /* Info.plist */,
			);
			path = uiComponentsDevelop;
			sourceTree = "<group>";
		};
/* End PBXGroup section */

/* Begin PBXNativeTarget section */
		F401F85C1C26B3D4002AB074 /* uiComponentsDevelop */ = {
			isa = PBXNativeTarget;
			buildConfigurationList = F401F86F1C26B3D4002AB074 /* Build configuration list for PBXNativeTarget "uiComponentsDevelop" */;
			buildPhases = (
				F401F8591C26B3D4002AB074 /* Sources */,
				F401F85A1C26B3D4002AB074 /* Frameworks */,
				F401F85B1C26B3D4002AB074 /* Resources */,
			);
			buildRules = (
			);
			dependencies = (
			);
			name = uiComponentsDevelop;
			productName = uiComponentsDevelop;
			productReference = F401F85D1C26B3D4002AB074 /* uiComponentsDevelop.app */;
			productType = "com.apple.product-type.application";
		};
/* End PBXNativeTarget section */

/* Begin PBXProject section */
		F401F8551C26B3D4002AB074 /* Project object */ = {
			isa = PBXProject;
			attributes = {
				LastSwiftUpdateCheck = 0720;
				LastUpgradeCheck = 0720;
				ORGANIZATIONNAME = yufu;
				TargetAttributes = {
					F401F85C1C26B3D4002AB074 = {
						CreatedOnToolsVersion = 7.2;
					};
				};
			};
			buildConfigurationList = F401F8581C26B3D4002AB074 /* Build configuration list for PBXProject "uiComponentsDevelop" */;
			compatibilityVersion = "Xcode 3.2";
			developmentRegion = English;
			hasScannedForEncodings = 0;
			knownRegions = (
				en,
				Base,
			);
			mainGroup = F401F8541C26B3D4002AB074;
			productRefGroup = F401F85E1C26B3D4002AB074 /* Products */;
			projectDirPath = "";
			projectRoot = "";
			targets = (
				F401F85C1C26B3D4002AB074 /* uiComponentsDevelop */,
			);
		};
/* End PBXProject section */

/* Begin PBXResourcesBuildPhase section */
		F401F85B1C26B3D4002AB074 /* Resources */ = {
			isa = PBXResourcesBuildPhase;
			buildActionMask = 2147483647;
			files = (
				F401F86B1C26B3D4002AB074 /* LaunchScreen.storyboard in Resources */,
				F401F8681C26B3D4002AB074 /* Assets.xcassets in Resources */,
				F401F8661C26B3D4002AB074 /* Main.storyboard in Resources */,
			);
			runOnlyForDeploymentPostprocessing = 0;
		};
/* End PBXResourcesBuildPhase section */

/* Begin PBXSourcesBuildPhase section */
		F401F8591C26B3D4002AB074 /* Sources */ = {
			isa = PBXSourcesBuildPhase;
			buildActionMask = 2147483647;
			files = (
				F401F8631C26B3D4002AB074 /* ViewController.swift in Sources */,
				F401F8611C26B3D4002AB074 /* AppDelegate.swift in Sources */,
			);
			runOnlyForDeploymentPostprocessing = 0;
		};
/* End PBXSourcesBuildPhase section */

/* Begin PBXVariantGroup section */
		F401F8641C26B3D4002AB074 /* Main.storyboard */ = {
			isa = PBXVariantGroup;
			children = (
				F401F8651C26B3D4002AB074 /* Base */,
			);
			name = Main.storyboard;
			sourceTree = "<group>";
		};
		F401F8691C26B3D4002AB074 /* LaunchScreen.storyboard */ = {
			isa = PBXVariantGroup;
			children = (
				F401F86A1C26B3D4002AB074 /* Base */,
			);
			name = LaunchScreen.storyboard;
			sourceTree = "<group>";
		};
/* End PBXVariantGroup section */

/* Begin XCBuildConfiguration section */
		F401F86D1C26B3D4002AB074 /* Debug */ = {
			isa = XCBuildConfiguration;
			buildSettings = {
				ALWAYS_SEARCH_USER_PATHS = NO;
				CLANG_CXX_LANGUAGE_STANDARD = "gnu++0x";
				CLANG_CXX_LIBRARY = "libc++";
				CLANG_ENABLE_MODULES = YES;
				CLANG_ENABLE_OBJC_ARC = YES;
				CLANG_WARN_BOOL_CONVERSION = YES;
				CLANG_WARN_CONSTANT_CONVERSION = YES;
				CLANG_WARN_DIRECT_OBJC_ISA_USAGE = YES_ERROR;
				CLANG_WARN_EMPTY_BODY = YES;
				CLANG_WARN_ENUM_CONVERSION = YES;
				CLANG_WARN_INT_CONVERSION = YES;
				CLANG_WARN_OBJC_ROOT_CLASS = YES_ERROR;
				CLANG_WARN_UNREACHABLE_CODE = YES;
				CLANG_WARN__DUPLICATE_METHOD_MATCH = YES;
				"CODE_SIGN_IDENTITY[sdk=iphoneos*]" = "iPhone Developer";
				COPY_PHASE_STRIP = NO;
				DEBUG_INFORMATION_FORMAT = dwarf;
				ENABLE_STRICT_OBJC_MSGSEND = YES;
				ENABLE_TESTABILITY = YES;
				GCC_C_LANGUAGE_STANDARD = gnu99;
				GCC_DYNAMIC_NO_PIC = NO;
				GCC_NO_COMMON_BLOCKS = YES;
				GCC_OPTIMIZATION_LEVEL = 0;
				GCC_PREPROCESSOR_DEFINITIONS = (
					"DEBUG=1",
					"$(inherited)",
				);
				GCC_WARN_64_TO_32_BIT_CONVERSION = YES;
				GCC_WARN_ABOUT_RETURN_TYPE = YES_ERROR;
				GCC_WARN_UNDECLARED_SELECTOR = YES;
				GCC_WARN_UNINITIALIZED_AUTOS = YES_AGGRESSIVE;
				GCC_WARN_UNUSED_FUNCTION = YES;
				GCC_WARN_UNUSED_VARIABLE = YES;
				IPHONEOS_DEPLOYMENT_TARGET = 9.2;
				MTL_ENABLE_DEBUG_INFO = YES;
				ONLY_ACTIVE_ARCH = YES;
				SDKROOT = iphoneos;
				SWIFT_OPTIMIZATION_LEVEL = "-Onone";
				TARGETED_DEVICE_FAMILY = "1,2";
			};
			name = Debug;
		};
		F401F86E1C26B3D4002AB074 /* Release */ = {
			isa = XCBuildConfiguration;
			buildSettings = {
				ALWAYS_SEARCH_USER_PATHS = NO;
				CLANG_CXX_LANGUAGE_STANDARD = "gnu++0x";
				CLANG_CXX_LIBRARY = "libc++";
				CLANG_ENABLE_MODULES = YES;
				CLANG_ENABLE_OBJC_ARC = YES;
				CLANG_WARN_BOOL_CONVERSION = YES;
				CLANG_WARN_CONSTANT_CONVERSION = YES;
				CLANG_WARN_DIRECT_OBJC_ISA_USAGE = YES_ERROR;
				CLANG_WARN_EMPTY_BODY = YES;
				CLANG_WARN_ENUM_CONVERSION = YES;
				CLANG_WARN_INT_CONVERSION = YES;
				CLANG_WARN_OBJC_ROOT_CLASS = YES_ERROR;
				CLANG_WARN_UNREACHABLE_CODE = YES;
				CLANG_WARN__DUPLICATE_METHOD_MATCH = YES;
				"CODE_SIGN_IDENTITY[sdk=iphoneos*]" = "iPhone Developer";
				COPY_PHASE_STRIP = NO;
				DEBUG_INFORMATION_FORMAT = "dwarf-with-dsym";
				ENABLE_NS_ASSERTIONS = NO;
				ENABLE_STRICT_OBJC_MSGSEND = YES;
				GCC_C_LANGUAGE_STANDARD = gnu99;
				GCC_NO_COMMON_BLOCKS = YES;
				GCC_WARN_64_TO_32_BIT_CONVERSION = YES;
				GCC_WARN_ABOUT_RETURN_TYPE = YES_ERROR;
				GCC_WARN_UNDECLARED_SELECTOR = YES;
				GCC_WARN_UNINITIALIZED_AUTOS = YES_AGGRESSIVE;
				GCC_WARN_UNUSED_FUNCTION = YES;
				GCC_WARN_UNUSED_VARIABLE = YES;
				IPHONEOS_DEPLOYMENT_TARGET = 9.2;
				MTL_ENABLE_DEBUG_INFO = NO;
				SDKROOT = iphoneos;
				TARGETED_DEVICE_FAMILY = "1,2";
				VALIDATE_PRODUCT = YES;
			};
			name = Release;
		};
		F401F8701C26B3D4002AB074 /* Debug */ = {
			isa = XCBuildConfiguration;
			buildSettings = {
				ASSETCATALOG_COMPILER_APPICON_NAME = AppIcon;
				INFOPLIST_FILE = uiComponentsDevelop/Info.plist;
				LD_RUNPATH_SEARCH_PATHS = "$(inherited) @executable_path/Frameworks";
				PRODUCT_BUNDLE_IDENTIFIER = com.unicreatetech.uiComponentsDevelop;
				PRODUCT_NAME = "$(TARGET_NAME)";
			};
			name = Debug;
		};
		F401F8711C26B3D4002AB074 /* Release */ = {
			isa = XCBuildConfiguration;
			buildSettings = {
				ASSETCATALOG_COMPILER_APPICON_NAME = AppIcon;
				INFOPLIST_FILE = uiComponentsDevelop/Info.plist;
				LD_RUNPATH_SEARCH_PATHS = "$(inherited) @executable_path/Frameworks";
				PRODUCT_BUNDLE_IDENTIFIER = com.unicreatetech.uiComponentsDevelop;
				PRODUCT_NAME = "$(TARGET_NAME)";
			};
			name = Release;
		};
/* End XCBuildConfiguration section */

/* Begin XCConfigurationList section */
		F401F8581C26B3D4002AB074 /* Build configuration list for PBXProject "uiComponentsDevelop" */ = {
			isa = XCConfigurationList;
			buildConfigurations = (
				F401F86D1C26B3D4002AB074 /* Debug */,
				F401F86E1C26B3D4002AB074 /* Release */,
			);
			defaultConfigurationIsVisible = 0;
			defaultConfigurationName = Release;
		};
		F401F86F1C26B3D4002AB074 /* Build configuration list for PBXNativeTarget "uiComponentsDevelop" */ = {
			isa = XCConfigurationList;
			buildConfigurations = (
				F401F8701C26B3D4002AB074 /* Debug */,
				F401F8711C26B3D4002AB074 /* Release */,
			);
			defaultConfigurationIsVisible = 0;
		};
/* End XCConfigurationList section */
	};
	rootObject = F401F8551C26B3D4002AB074 /* Project object */;
}
